
Microsoft Visual Studio Solution File, Format Version 12.00
# Visual Studio 2012
Project("{2150E333-8FDC-42A3-9474-1A3956D46DE8}") = "UtilityBaseWeb", "UtilityBaseWeb", "{CB59A0BF-AE9B-4737-B900-860A4E21D95D}"
EndProject
Project("{2150E333-8FDC-42A3-9474-1A3956D46DE8}") = "UtilityBase", "UtilityBase", "{2E6FBC10-EE94-4CE1-BECB-5E4C85BE48A9}"
EndProject
Project("{FAE04EC0-301F-11D3-BF4B-00C04F79EFBC}") = "WebCrawler", "UtilityBase\WebCrawler\WebCrawler.csproj", "{AA2D9952-3342-440D-AE58-30CE8D5CD94F}"
EndProject
Project("{FAE04EC0-301F-11D3-BF4B-00C04F79EFBC}") = "RegexSolution", "UtilityBase\RegexSolution\RegexSolution.csproj", "{36E59792-0BD2-44FE-8A2F-8D4FC400C944}"
EndProject
Project("{FAE04EC0-301F-11D3-BF4B-00C04F79EFBC}") = "FileReader", "UtilityBase\FileReader\FileReader.csproj", "{24768D61-C60B-4E36-A0EA-4B733AED5EE0}"
EndProject
Project("{FAE04EC0-301F-11D3-BF4B-00C04F79EFBC}") = "AppSettingReader", "UtilityBase\AppSettingReader\AppSettingReader.csproj", "{EBE6B8B8-F46C-4311-B47F-0A712A19107B}"
EndProject
Project("{FAE04EC0-301F-11D3-BF4B-00C04F79EFBC}") = "CodeMaker", "UtilityBase\CodeMaker\CodeMaker.csproj", "{38849BFD-0F62-4D9F-BFE5-1251F879B79B}"
EndProject
Project("{2150E333-8FDC-42A3-9474-1A3956D46DE8}") = "OOPlayer", "OOPlayer", "{C071FAC0-0CF7-4972-916A-D2B9B2105585}"
EndProject
Project("{FAE04EC0-301F-11D3-BF4B-00C04F79EFBC}") = "AbstractOwner", "UtilityBase\AbstractOwner\AbstractOwner.csproj", "{4E81B621-C704-4D77-9903-DE28FA07275E}"
EndProject
Project("{FAE04EC0-301F-11D3-BF4B-00C04F79EFBC}") = "InterfaceOwner", "UtilityBase\InterfaceOwner\InterfaceOwner.csproj", "{FDB0A5F5-A22B-43DF-9EB5-1B1898DA6F47}"
EndProject
Project("{FAE04EC0-301F-11D3-BF4B-00C04F79EFBC}") = "VirtualOwner", "UtilityBase\VirtualOwner\VirtualOwner.csproj", "{B0B37D0B-0FFC-4FC6-A197-A3FC1A4F69E5}"
EndProject
Project("{FAE04EC0-301F-11D3-BF4B-00C04F79EFBC}") = "AdoDotNet", "UtilityBaseWeb\AdoDotNet\AdoDotNet.csproj", "{C4F4D867-FFFE-4052-A280-A266ACA29EB3}"
EndProject
Project("{FAE04EC0-301F-11D3-BF4B-00C04F79EFBC}") = "IPAddressHandler", "UtilityBaseWeb\IPAddressHandler\IPAddressHandler.csproj", "{79B443E7-11F0-4BB2-9AAF-C2C4798DA839}"
EndProject
Project("{FAE04EC0-301F-11D3-BF4B-00C04F79EFBC}") = "log4netCaller", "UtilityBaseWeb\log4netCaller\log4netCaller.csproj", "{A34E1AE1-80EA-454A-8AAF-18F100C7CABA}"
EndProject
Project("{FAE04EC0-301F-11D3-BF4B-00C04F79EFBC}") = "IBatisNetCaller", "UtilityBaseWeb\IBatisNetCaller\IBatisNetCaller.csproj", "{6EFA39C9-2F5C-4505-B5F0-B79F2389CDF4}"
EndProject
Project("{2150E333-8FDC-42A3-9474-1A3956D46DE8}") = "Article", "Article", "{08556E13-05E4-4883-9798-29D2D922867D}"
EndProject
Project("{2150E333-8FDC-42A3-9474-1A3956D46DE8}") = "Document", "Document", "{B0C49DF3-3AED-4FA9-8271-2ED5B34C714D}"
EndProject
Project("{2150E333-8FDC-42A3-9474-1A3956D46DE8}") = "Graph", "Graph", "{90B37642-C360-497E-80EE-C688CDA26000}"
EndProject
Project("{2150E333-8FDC-42A3-9474-1A3956D46DE8}") = "Internet", "Internet", "{9697596A-C233-494F-9C49-8B61F067F1FE}"
EndProject
Project("{FAE04EC0-301F-11D3-BF4B-00C04F79EFBC}") = "RepeatSectionSeeker", "Article\RepeatSectionSeeker\RepeatSectionSeeker.csproj", "{DACA4D83-7880-4A46-BB30-F35DB563EDD6}"
EndProject
Project("{FAE04EC0-301F-11D3-BF4B-00C04F79EFBC}") = "EPPlus", "Document\EPPlusMaster\EPPlus.csproj", "{2F3FF965-7D65-4A38-95E1-6098C05A0AD6}"
EndProject
Project("{FAE04EC0-301F-11D3-BF4B-00C04F79EFBC}") = "SVG2Image", "Graph\SVG2Image\SVG2Image.csproj", "{CD82546F-82AF-4AA1-B2E3-4D0AB04962EB}"
EndProject
Project("{FAE04EC0-301F-11D3-BF4B-00C04F79EFBC}") = "KHinsiderCrawler", "Internet\KHinsiderCrawler\KHinsiderCrawler.csproj", "{B42693A9-AB95-4272-9464-EDE4A804ACCB}"
EndProject
Global
	GlobalSection(SolutionConfigurationPlatforms) = preSolution
		Debug|Any CPU = Debug|Any CPU
		Release|Any CPU = Release|Any CPU
	EndGlobalSection
	GlobalSection(ProjectConfigurationPlatforms) = postSolution
		{AA2D9952-3342-440D-AE58-30CE8D5CD94F}.Debug|Any CPU.ActiveCfg = Debug|Any CPU
		{AA2D9952-3342-440D-AE58-30CE8D5CD94F}.Debug|Any CPU.Build.0 = Debug|Any CPU
		{AA2D9952-3342-440D-AE58-30CE8D5CD94F}.Release|Any CPU.ActiveCfg = Release|Any CPU
		{AA2D9952-3342-440D-AE58-30CE8D5CD94F}.Release|Any CPU.Build.0 = Release|Any CPU
		{36E59792-0BD2-44FE-8A2F-8D4FC400C944}.Debug|Any CPU.ActiveCfg = Debug|Any CPU
		{36E59792-0BD2-44FE-8A2F-8D4FC400C944}.Debug|Any CPU.Build.0 = Debug|Any CPU
		{36E59792-0BD2-44FE-8A2F-8D4FC400C944}.Release|Any CPU.ActiveCfg = Release|Any CPU
		{36E59792-0BD2-44FE-8A2F-8D4FC400C944}.Release|Any CPU.Build.0 = Release|Any CPU
		{24768D61-C60B-4E36-A0EA-4B733AED5EE0}.Debug|Any CPU.ActiveCfg = Debug|Any CPU
		{24768D61-C60B-4E36-A0EA-4B733AED5EE0}.Debug|Any CPU.Build.0 = Debug|Any CPU
		{24768D61-C60B-4E36-A0EA-4B733AED5EE0}.Release|Any CPU.ActiveCfg = Release|Any CPU
		{24768D61-C60B-4E36-A0EA-4B733AED5EE0}.Release|Any CPU.Build.0 = Release|Any CPU
		{EBE6B8B8-F46C-4311-B47F-0A712A19107B}.Debug|Any CPU.ActiveCfg = Debug|Any CPU
		{EBE6B8B8-F46C-4311-B47F-0A712A19107B}.Debug|Any CPU.Build.0 = Debug|Any CPU
		{EBE6B8B8-F46C-4311-B47F-0A712A19107B}.Release|Any CPU.ActiveCfg = Release|Any CPU
		{EBE6B8B8-F46C-4311-B47F-0A712A19107B}.Release|Any CPU.Build.0 = Release|Any CPU
		{38849BFD-0F62-4D9F-BFE5-1251F879B79B}.Debug|Any CPU.ActiveCfg = Debug|Any CPU
		{38849BFD-0F62-4D9F-BFE5-1251F879B79B}.Debug|Any CPU.Build.0 = Debug|Any CPU
		{38849BFD-0F62-4D9F-BFE5-1251F879B79B}.Release|Any CPU.ActiveCfg = Release|Any CPU
		{38849BFD-0F62-4D9F-BFE5-1251F879B79B}.Release|Any CPU.Build.0 = Release|Any CPU
		{4E81B621-C704-4D77-9903-DE28FA07275E}.Debug|Any CPU.ActiveCfg = Debug|Any CPU
		{4E81B621-C704-4D77-9903-DE28FA07275E}.Debug|Any CPU.Build.0 = Debug|Any CPU
		{4E81B621-C704-4D77-9903-DE28FA07275E}.Release|Any CPU.ActiveCfg = Release|Any CPU
		{4E81B621-C704-4D77-9903-DE28FA07275E}.Release|Any CPU.Build.0 = Release|Any CPU
		{FDB0A5F5-A22B-43DF-9EB5-1B1898DA6F47}.Debug|Any CPU.ActiveCfg = Debug|Any CPU
		{FDB0A5F5-A22B-43DF-9EB5-1B1898DA6F47}.Debug|Any CPU.Build.0 = Debug|Any CPU
		{FDB0A5F5-A22B-43DF-9EB5-1B1898DA6F47}.Release|Any CPU.ActiveCfg = Release|Any CPU
		{FDB0A5F5-A22B-43DF-9EB5-1B1898DA6F47}.Release|Any CPU.Build.0 = Release|Any CPU
		{B0B37D0B-0FFC-4FC6-A197-A3FC1A4F69E5}.Debug|Any CPU.ActiveCfg = Debug|Any CPU
		{B0B37D0B-0FFC-4FC6-A197-A3FC1A4F69E5}.Debug|Any CPU.Build.0 = Debug|Any CPU
		{B0B37D0B-0FFC-4FC6-A197-A3FC1A4F69E5}.Release|Any CPU.ActiveCfg = Release|Any CPU
		{B0B37D0B-0FFC-4FC6-A197-A3FC1A4F69E5}.Release|Any CPU.Build.0 = Release|Any CPU
		{C4F4D867-FFFE-4052-A280-A266ACA29EB3}.Debug|Any CPU.ActiveCfg = Debug|Any CPU
		{C4F4D867-FFFE-4052-A280-A266ACA29EB3}.Debug|Any CPU.Build.0 = Debug|Any CPU
		{C4F4D867-FFFE-4052-A280-A266ACA29EB3}.Release|Any CPU.ActiveCfg = Release|Any CPU
		{C4F4D867-FFFE-4052-A280-A266ACA29EB3}.Release|Any CPU.Build.0 = Release|Any CPU
		{79B443E7-11F0-4BB2-9AAF-C2C4798DA839}.Debug|Any CPU.ActiveCfg = Debug|Any CPU
		{79B443E7-11F0-4BB2-9AAF-C2C4798DA839}.Debug|Any CPU.Build.0 = Debug|Any CPU
		{79B443E7-11F0-4BB2-9AAF-C2C4798DA839}.Release|Any CPU.ActiveCfg = Release|Any CPU
		{79B443E7-11F0-4BB2-9AAF-C2C4798DA839}.Release|Any CPU.Build.0 = Release|Any CPU
		{A34E1AE1-80EA-454A-8AAF-18F100C7CABA}.Debug|Any CPU.ActiveCfg = Debug|Any CPU
		{A34E1AE1-80EA-454A-8AAF-18F100C7CABA}.Debug|Any CPU.Build.0 = Debug|Any CPU
		{A34E1AE1-80EA-454A-8AAF-18F100C7CABA}.Release|Any CPU.ActiveCfg = Release|Any CPU
		{A34E1AE1-80EA-454A-8AAF-18F100C7CABA}.Release|Any CPU.Build.0 = Release|Any CPU
		{6EFA39C9-2F5C-4505-B5F0-B79F2389CDF4}.Debug|Any CPU.ActiveCfg = Debug|Any CPU
		{6EFA39C9-2F5C-4505-B5F0-B79F2389CDF4}.Debug|Any CPU.Build.0 = Debug|Any CPU
		{6EFA39C9-2F5C-4505-B5F0-B79F2389CDF4}.Release|Any CPU.ActiveCfg = Release|Any CPU
		{6EFA39C9-2F5C-4505-B5F0-B79F2389CDF4}.Release|Any CPU.Build.0 = Release|Any CPU
		{DACA4D83-7880-4A46-BB30-F35DB563EDD6}.Debug|Any CPU.ActiveCfg = Debug|Any CPU
		{DACA4D83-7880-4A46-BB30-F35DB563EDD6}.Debug|Any CPU.Build.0 = Debug|Any CPU
		{DACA4D83-7880-4A46-BB30-F35DB563EDD6}.Release|Any CPU.ActiveCfg = Release|Any CPU
		{DACA4D83-7880-4A46-BB30-F35DB563EDD6}.Release|Any CPU.Build.0 = Release|Any CPU
		{2F3FF965-7D65-4A38-95E1-6098C05A0AD6}.Debug|Any CPU.ActiveCfg = Debug|Any CPU
		{2F3FF965-7D65-4A38-95E1-6098C05A0AD6}.Debug|Any CPU.Build.0 = Debug|Any CPU
		{2F3FF965-7D65-4A38-95E1-6098C05A0AD6}.Release|Any CPU.ActiveCfg = Release|Any CPU
		{2F3FF965-7D65-4A38-95E1-6098C05A0AD6}.Release|Any CPU.Build.0 = Release|Any CPU
		{CD82546F-82AF-4AA1-B2E3-4D0AB04962EB}.Debug|Any CPU.ActiveCfg = Debug|Any CPU
		{CD82546F-82AF-4AA1-B2E3-4D0AB04962EB}.Debug|Any CPU.Build.0 = Debug|Any CPU
		{CD82546F-82AF-4AA1-B2E3-4D0AB04962EB}.Release|Any CPU.ActiveCfg = Release|Any CPU
		{CD82546F-82AF-4AA1-B2E3-4D0AB04962EB}.Release|Any CPU.Build.0 = Release|Any CPU
		{B42693A9-AB95-4272-9464-EDE4A804ACCB}.Debug|Any CPU.ActiveCfg = Debug|Any CPU
		{B42693A9-AB95-4272-9464-EDE4A804ACCB}.Debug|Any CPU.Build.0 = Debug|Any CPU
		{B42693A9-AB95-4272-9464-EDE4A804ACCB}.Release|Any CPU.ActiveCfg = Release|Any CPU
		{B42693A9-AB95-4272-9464-EDE4A804ACCB}.Release|Any CPU.Build.0 = Release|Any CPU
	EndGlobalSection
	GlobalSection(SolutionProperties) = preSolution
		HideSolutionNode = FALSE
	EndGlobalSection
	GlobalSection(NestedProjects) = preSolution
		{C4F4D867-FFFE-4052-A280-A266ACA29EB3} = {CB59A0BF-AE9B-4737-B900-860A4E21D95D}
		{79B443E7-11F0-4BB2-9AAF-C2C4798DA839} = {CB59A0BF-AE9B-4737-B900-860A4E21D95D}
		{A34E1AE1-80EA-454A-8AAF-18F100C7CABA} = {CB59A0BF-AE9B-4737-B900-860A4E21D95D}
		{6EFA39C9-2F5C-4505-B5F0-B79F2389CDF4} = {CB59A0BF-AE9B-4737-B900-860A4E21D95D}
		{AA2D9952-3342-440D-AE58-30CE8D5CD94F} = {2E6FBC10-EE94-4CE1-BECB-5E4C85BE48A9}
		{36E59792-0BD2-44FE-8A2F-8D4FC400C944} = {2E6FBC10-EE94-4CE1-BECB-5E4C85BE48A9}
		{24768D61-C60B-4E36-A0EA-4B733AED5EE0} = {2E6FBC10-EE94-4CE1-BECB-5E4C85BE48A9}
		{EBE6B8B8-F46C-4311-B47F-0A712A19107B} = {2E6FBC10-EE94-4CE1-BECB-5E4C85BE48A9}
		{C071FAC0-0CF7-4972-916A-D2B9B2105585} = {2E6FBC10-EE94-4CE1-BECB-5E4C85BE48A9}
		{4E81B621-C704-4D77-9903-DE28FA07275E} = {C071FAC0-0CF7-4972-916A-D2B9B2105585}
		{FDB0A5F5-A22B-43DF-9EB5-1B1898DA6F47} = {C071FAC0-0CF7-4972-916A-D2B9B2105585}
		{B0B37D0B-0FFC-4FC6-A197-A3FC1A4F69E5} = {C071FAC0-0CF7-4972-916A-D2B9B2105585}
		{DACA4D83-7880-4A46-BB30-F35DB563EDD6} = {08556E13-05E4-4883-9798-29D2D922867D}
		{2F3FF965-7D65-4A38-95E1-6098C05A0AD6} = {B0C49DF3-3AED-4FA9-8271-2ED5B34C714D}
		{CD82546F-82AF-4AA1-B2E3-4D0AB04962EB} = {90B37642-C360-497E-80EE-C688CDA26000}
		{B42693A9-AB95-4272-9464-EDE4A804ACCB} = {9697596A-C233-494F-9C49-8B61F067F1FE}
	EndGlobalSection
EndGlobal
